# sha256 of each published spec version directory. A published directory is
# immutable: to correct a record, publish a new version next to it.
# Regenerate after publishing a new version with:
#   uv run python -c "from pathlib import Path; from agent_skill_adapter.specs.loader import directory_hash; print(directory_hash(Path('specs/<env>/<version>')))"
1.0.0 sha256:b4b5309f68b95bb40569407e8bb4cd7a3d63d63ae6c7729f7ba5370a3cea6d05
